
Microsoft Visual Studio Solution File, Format Version 12.00
# Visual Studio 2012
Project("{FAE04EC0-301F-11D3-BF4B-00C04F79EFBC}") = "DataScienceCourseraWeb", "DataScienceCourseraWeb\DataScienceCourseraWeb.csproj", "{459B8B1E-C1E1-41E0-AC3D-A7A7E0D76043}"
EndProject
Project("{FAE04EC0-301F-11D3-BF4B-00C04F79EFBC}") = "DataScienceCourseraDoc", "DataScienceCourseraDoc\DataScienceCourseraDoc.csproj", "{C038DA0E-773A-447E-8C6E-92A144708D66}"
EndProject
Global
	GlobalSection(SolutionConfigurationPlatforms) = preSolution
		Debug|Any CPU = Debug|Any CPU
		Release|Any CPU = Release|Any CPU
	EndGlobalSection
	GlobalSection(ProjectConfigurationPlatforms) = postSolution
		{459B8B1E-C1E1-41E0-AC3D-A7A7E0D76043}.Debug|Any CPU.ActiveCfg = Debug|Any CPU
		{459B8B1E-C1E1-41E0-AC3D-A7A7E0D76043}.Debug|Any CPU.Build.0 = Debug|Any CPU
		{459B8B1E-C1E1-41E0-AC3D-A7A7E0D76043}.Release|Any CPU.ActiveCfg = Release|Any CPU
		{459B8B1E-C1E1-41E0-AC3D-A7A7E0D76043}.Release|Any CPU.Build.0 = Release|Any CPU
		{C038DA0E-773A-447E-8C6E-92A144708D66}.Debug|Any CPU.ActiveCfg = Debug|Any CPU
		{C038DA0E-773A-447E-8C6E-92A144708D66}.Debug|Any CPU.Build.0 = Debug|Any CPU
		{C038DA0E-773A-447E-8C6E-92A144708D66}.Release|Any CPU.ActiveCfg = Release|Any CPU
		{C038DA0E-773A-447E-8C6E-92A144708D66}.Release|Any CPU.Build.0 = Release|Any CPU
	EndGlobalSection
	GlobalSection(SolutionProperties) = preSolution
		HideSolutionNode = FALSE
	EndGlobalSection
EndGlobal
